
Microsoft Visual Studio Solution File, Format Version 12.00
# Visual Studio 15
VisualStudioVersion = 15.0.26430.12
MinimumVisualStudioVersion = 10.0.40219.1
Project("{FAE04EC0-301F-11D3-BF4B-00C04F79EFBC}") = "LanHistory", "LanHistory\LanHistory.csproj", "{05CFE9E3-5FB2-49F5-8D9F-48ADA4D48158}"
EndProject
Project("{2150E333-8FDC-42A3-9474-1A3956D46DE8}") = "docs", "docs", "{F8A6232D-5B76-4196-A95B-11B2BFD7F776}"
	ProjectSection(SolutionItems) = preProject
		license.md = license.md
		readme.md = readme.md
	EndProjectSection
EndProject
Project("{9A19103F-16F7-4668-BE54-9A1E7A4F7556}") = "J4JUI", "..\WPFUtilities\J4JUI\J4JUI.csproj", "{39644582-3A24-4188-B82C-27212D8F3E15}"
EndProject
Project("{9A19103F-16F7-4668-BE54-9A1E7A4F7556}") = "WpfConverters", "..\WPFUtilities\WpfConverters\WpfConverters.csproj", "{CD120175-58DF-42A7-94A0-FC3274E750E4}"
EndProject
Project("{2150E333-8FDC-42A3-9474-1A3956D46DE8}") = "subsidiary", "subsidiary", "{CC6FB0AB-0838-413D-ABBA-925B07AEF3E1}"
EndProject
Global
	GlobalSection(SolutionConfigurationPlatforms) = preSolution
		Debug|Any CPU = Debug|Any CPU
		Release|Any CPU = Release|Any CPU
	EndGlobalSection
	GlobalSection(ProjectConfigurationPlatforms) = postSolution
		{05CFE9E3-5FB2-49F5-8D9F-48ADA4D48158}.Debug|Any CPU.ActiveCfg = Debug|Any CPU
		{05CFE9E3-5FB2-49F5-8D9F-48ADA4D48158}.Debug|Any CPU.Build.0 = Debug|Any CPU
		{05CFE9E3-5FB2-49F5-8D9F-48ADA4D48158}.Release|Any CPU.ActiveCfg = Release|Any CPU
		{05CFE9E3-5FB2-49F5-8D9F-48ADA4D48158}.Release|Any CPU.Build.0 = Release|Any CPU
		{39644582-3A24-4188-B82C-27212D8F3E15}.Debug|Any CPU.ActiveCfg = Debug|Any CPU
		{39644582-3A24-4188-B82C-27212D8F3E15}.Debug|Any CPU.Build.0 = Debug|Any CPU
		{39644582-3A24-4188-B82C-27212D8F3E15}.Release|Any CPU.ActiveCfg = Release|Any CPU
		{39644582-3A24-4188-B82C-27212D8F3E15}.Release|Any CPU.Build.0 = Release|Any CPU
		{CD120175-58DF-42A7-94A0-FC3274E750E4}.Debug|Any CPU.ActiveCfg = Debug|Any CPU
		{CD120175-58DF-42A7-94A0-FC3274E750E4}.Debug|Any CPU.Build.0 = Debug|Any CPU
		{CD120175-58DF-42A7-94A0-FC3274E750E4}.Release|Any CPU.ActiveCfg = Release|Any CPU
		{CD120175-58DF-42A7-94A0-FC3274E750E4}.Release|Any CPU.Build.0 = Release|Any CPU
	EndGlobalSection
	GlobalSection(SolutionProperties) = preSolution
		HideSolutionNode = FALSE
	EndGlobalSection
	GlobalSection(NestedProjects) = preSolution
		{39644582-3A24-4188-B82C-27212D8F3E15} = {CC6FB0AB-0838-413D-ABBA-925B07AEF3E1}
		{CD120175-58DF-42A7-94A0-FC3274E750E4} = {CC6FB0AB-0838-413D-ABBA-925B07AEF3E1}
	EndGlobalSection
EndGlobal
